
Microsoft Visual Studio Solution File, Format Version 12.00
# Visual Studio Version 16
VisualStudioVersion = 16.0.31005.135
MinimumVisualStudioVersion = 10.0.40219.1
Project("{9A19103F-16F7-4668-BE54-9A1E7A4F7556}") = "R136.Web", "src\R136.Web\R136.Web.csproj", "{F656A736-0FE8-45F4-8B2B-2A0DA42B0D47}"
EndProject
Project("{9A19103F-16F7-4668-BE54-9A1E7A4F7556}") = "R136.Entities", "src\R136.Entities\R136.Entities.csproj", "{CB341DF9-1ECF-4ABC-AACB-EAFE4A866910}"
EndProject
Project("{9A19103F-16F7-4668-BE54-9A1E7A4F7556}") = "R136.BuildTool", "src\R136.BuildTool\R136.BuildTool.csproj", "{4FA7BD6A-CD6B-4D92-97D1-7D725C5E51A3}"
EndProject
Project("{9A19103F-16F7-4668-BE54-9A1E7A4F7556}") = "R136.Interfaces", "src\R136.Interfaces\R136.Interfaces.csproj", "{A5DB1389-AEFF-4080-8B5C-AA1C2B2DE965}"
EndProject
Project("{9A19103F-16F7-4668-BE54-9A1E7A4F7556}") = "R136.Core", "src\R136.Core\R136.Core.csproj", "{3B183D9F-4C79-41A1-9772-517696185F0E}"
EndProject
Project("{9A19103F-16F7-4668-BE54-9A1E7A4F7556}") = "R136.Shell", "src\R136.Shell\R136.Shell.csproj", "{30AC54D4-CE76-4CBE-886E-5364D4BBF4AC}"
EndProject
Project("{2150E333-8FDC-42A3-9474-1A3956D46DE8}") = "data", "data", "{551F56AA-A2F0-4F1D-AE0D-DDAA65C693ED}"
	ProjectSection(SolutionItems) = preProject
		data\configuration.json = data\configuration.json
	EndProjectSection
EndProject
Project("{2150E333-8FDC-42A3-9474-1A3956D46DE8}") = "en-GB", "en-GB", "{4D5B7349-6EEB-406E-BDFD-2343B709AB19}"
	ProjectSection(SolutionItems) = preProject
		data\en-GB\animates.json = data\en-GB\animates.json
		data\en-GB\animatesbase.json = data\en-GB\animatesbase.json
		data\en-GB\commands.json = data\en-GB\commands.json
		data\en-GB\commandsbase.json = data\en-GB\commandsbase.json
		data\en-GB\items.json = data\en-GB\items.json
		data\en-GB\itemsbase.json = data\en-GB\itemsbase.json
		data\en-GB\properties.json = data\en-GB\properties.json
		data\en-GB\propertiesbase.json = data\en-GB\propertiesbase.json
		data\en-GB\rooms.json = data\en-GB\rooms.json
		data\en-GB\roomsbase.json = data\en-GB\roomsbase.json
		data\en-GB\texts.json = data\en-GB\texts.json
		data\en-GB\textsbase.json = data\en-GB\textsbase.json
	EndProjectSection
EndProject
Project("{2150E333-8FDC-42A3-9474-1A3956D46DE8}") = "nl-NL", "nl-NL", "{7F8BA050-D8CD-4B62-9323-DE7991924D10}"
	ProjectSection(SolutionItems) = preProject
		data\nl-NL\animates.json = data\nl-NL\animates.json
		data\nl-NL\animatesbase.json = data\nl-NL\animatesbase.json
		data\nl-NL\commands.json = data\nl-NL\commands.json
		data\nl-NL\commandsbase.json = data\nl-NL\commandsbase.json
		data\nl-NL\items.json = data\nl-NL\items.json
		data\nl-NL\itemsbase.json = data\nl-NL\itemsbase.json
		data\nl-NL\properties.json = data\nl-NL\properties.json
		data\nl-NL\propertiesbase.json = data\nl-NL\propertiesbase.json
		data\nl-NL\rooms.json = data\nl-NL\rooms.json
		data\nl-NL\roomsbase.json = data\nl-NL\roomsbase.json
		data\nl-NL\texts.json = data\nl-NL\texts.json
		data\nl-NL\textsbase.json = data\nl-NL\textsbase.json
	EndProjectSection
EndProject
Project("{2150E333-8FDC-42A3-9474-1A3956D46DE8}") = "src", "src", "{5DE1B7A0-C671-4DD2-85CC-603C5FAB7BD2}"
	ProjectSection(SolutionItems) = preProject
		src\SolutionInfo.cs = src\SolutionInfo.cs
	EndProjectSection
EndProject
Project("{2150E333-8FDC-42A3-9474-1A3956D46DE8}") = "Solution Items", "Solution Items", "{0CBA2284-8FCA-4005-BEBF-588A2DDD9EFB}"
	ProjectSection(SolutionItems) = preProject
		buildtool.bat = buildtool.bat
		conversions.json = conversions.json
		README.md = README.md
	EndProjectSection
EndProject
Global
	GlobalSection(SolutionConfigurationPlatforms) = preSolution
		Debug|Any CPU = Debug|Any CPU
		Release|Any CPU = Release|Any CPU
	EndGlobalSection
	GlobalSection(ProjectConfigurationPlatforms) = postSolution
		{F656A736-0FE8-45F4-8B2B-2A0DA42B0D47}.Debug|Any CPU.ActiveCfg = Debug|Any CPU
		{F656A736-0FE8-45F4-8B2B-2A0DA42B0D47}.Debug|Any CPU.Build.0 = Debug|Any CPU
		{F656A736-0FE8-45F4-8B2B-2A0DA42B0D47}.Release|Any CPU.ActiveCfg = Release|Any CPU
		{F656A736-0FE8-45F4-8B2B-2A0DA42B0D47}.Release|Any CPU.Build.0 = Release|Any CPU
		{CB341DF9-1ECF-4ABC-AACB-EAFE4A866910}.Debug|Any CPU.ActiveCfg = Debug|Any CPU
		{CB341DF9-1ECF-4ABC-AACB-EAFE4A866910}.Debug|Any CPU.Build.0 = Debug|Any CPU
		{CB341DF9-1ECF-4ABC-AACB-EAFE4A866910}.Release|Any CPU.ActiveCfg = Release|Any CPU
		{CB341DF9-1ECF-4ABC-AACB-EAFE4A866910}.Release|Any CPU.Build.0 = Release|Any CPU
		{4FA7BD6A-CD6B-4D92-97D1-7D725C5E51A3}.Debug|Any CPU.ActiveCfg = Debug|Any CPU
		{4FA7BD6A-CD6B-4D92-97D1-7D725C5E51A3}.Debug|Any CPU.Build.0 = Debug|Any CPU
		{4FA7BD6A-CD6B-4D92-97D1-7D725C5E51A3}.Release|Any CPU.ActiveCfg = Release|Any CPU
		{4FA7BD6A-CD6B-4D92-97D1-7D725C5E51A3}.Release|Any CPU.Build.0 = Release|Any CPU
		{A5DB1389-AEFF-4080-8B5C-AA1C2B2DE965}.Debug|Any CPU.ActiveCfg = Debug|Any CPU
		{A5DB1389-AEFF-4080-8B5C-AA1C2B2DE965}.Debug|Any CPU.Build.0 = Debug|Any CPU
		{A5DB1389-AEFF-4080-8B5C-AA1C2B2DE965}.Release|Any CPU.ActiveCfg = Release|Any CPU
		{A5DB1389-AEFF-4080-8B5C-AA1C2B2DE965}.Release|Any CPU.Build.0 = Release|Any CPU
		{3B183D9F-4C79-41A1-9772-517696185F0E}.Debug|Any CPU.ActiveCfg = Debug|Any CPU
		{3B183D9F-4C79-41A1-9772-517696185F0E}.Debug|Any CPU.Build.0 = Debug|Any CPU
		{3B183D9F-4C79-41A1-9772-517696185F0E}.Release|Any CPU.ActiveCfg = Release|Any CPU
		{3B183D9F-4C79-41A1-9772-517696185F0E}.Release|Any CPU.Build.0 = Release|Any CPU
		{30AC54D4-CE76-4CBE-886E-5364D4BBF4AC}.Debug|Any CPU.ActiveCfg = Debug|Any CPU
		{30AC54D4-CE76-4CBE-886E-5364D4BBF4AC}.Debug|Any CPU.Build.0 = Debug|Any CPU
		{30AC54D4-CE76-4CBE-886E-5364D4BBF4AC}.Release|Any CPU.ActiveCfg = Release|Any CPU
		{30AC54D4-CE76-4CBE-886E-5364D4BBF4AC}.Release|Any CPU.Build.0 = Release|Any CPU
	EndGlobalSection
	GlobalSection(SolutionProperties) = preSolution
		HideSolutionNode = FALSE
	EndGlobalSection
	GlobalSection(NestedProjects) = preSolution
		{4D5B7349-6EEB-406E-BDFD-2343B709AB19} = {551F56AA-A2F0-4F1D-AE0D-DDAA65C693ED}
		{7F8BA050-D8CD-4B62-9323-DE7991924D10} = {551F56AA-A2F0-4F1D-AE0D-DDAA65C693ED}
	EndGlobalSection
	GlobalSection(ExtensibilityGlobals) = postSolution
		SolutionGuid = {AFCB95A6-28AC-4AFF-AE6C-F910B27A57BC}
	EndGlobalSection
EndGlobal
